#MicroXplorer Configuration settings - do not modify
Mcu.Family=STM32F4
PD7.Mode=NorPsramChipSelect1_1
ProjectManager.MainLocation=Core/Src
FSMC.AddressSetupTime1=2
ProjectManager.ProjectFileName=display_new.ioc
RCC.CortexFreq_Value=16000000
UART4.IPParameters=VirtualMode
ProjectManager.KeepUserCode=true
Mcu.UserName=STM32F407VGTx
Mcu.PinsNb=26
ProjectManager.NoMain=false
FSMC.ExtendedMode1=FSMC_EXTENDED_MODE_ENABLE
RCC.PLLCLKFreq_Value=96000000
RCC.PLLQCLKFreq_Value=48000000
PA12.GPIOParameters=GPIO_Speed,GPIO_PuPd,GPIO_Label
ProjectManager.functionlistsort=1-MX_GPIO_Init-GPIO-false-HAL-true,2-SystemClock_Config-RCC-false-HAL-false,3-MX_UART4_Init-UART4-false-HAL-true,4-MX_FSMC_Init-FSMC-false-HAL-true
PE10.Mode=16b-d1
PD13.GPIOParameters=GPIO_Label
PD7.Signal=FSMC_NE1
PD1.Signal=FSMC_D3
RCC.RTCFreq_Value=32000
ProjectManager.DefaultFWLocation=true
PD9.Signal=FSMC_D14
PD5.Signal=FSMC_NWE
ProjectManager.DeletePrevious=true
UART4.VirtualMode=Asynchronous
PD9.Mode=16b-d1
PinOutPanel.RotationAngle=0
PA12.GPIO_Label=LCD_RES
RCC.FamilyName=M
ProjectManager.StackSize=0x400
PA0-WKUP.Signal=UART4_TX
PE8.Mode=16b-d1
PA0-WKUP.Mode=Asynchronous
PD10.Signal=FSMC_D15
PD13.Signal=FSMC_A18
Mcu.IP4=UART4
NVIC.SVCall_IRQn=true\:0\:0\:false\:false\:true\:false\:false
Mcu.IP2=RCC
Mcu.IP3=SYS
Mcu.IP0=FSMC
PA11.Locked=true
PA12.Locked=true
Mcu.IP1=NVIC
PA12.Signal=GPIO_Output
PE11.Mode=16b-d1
Mcu.UserConstants=
ProjectManager.TargetToolchain=STM32CubeIDE
FSMC.DataSetupTime1=4
Mcu.ThirdPartyNb=0
Mcu.IPNb=5
RCC.I2SClocksFreq_Value=96000000
ProjectManager.PreviousToolchain=
PD4.Signal=FSMC_NOE
RCC.VcooutputI2S=96000000
PD13.Mode=A18_1
PD10.Mode=16b-d1
Mcu.Pin6=PE11
PD0.Signal=FSMC_D2
Mcu.Pin7=PE12
PD8.Signal=FSMC_D13
ProjectManager.RegisterCallBack=
Mcu.Pin8=PE13
Mcu.Pin9=PE14
PE11.Signal=FSMC_D8
RCC.LSE_VALUE=32768
PD8.Mode=16b-d1
PA1.Signal=UART4_RX
RCC.AHBFreq_Value=16000000
Mcu.Pin0=PA0-WKUP
Mcu.Pin1=PA1
PD5.Mode=Lcd1
GPIO.groupedBy=Group By Peripherals
Mcu.Pin2=PE7
Mcu.Pin3=PE8
Mcu.Pin4=PE9
RCC.VCOI2SOutputFreq_Value=192000000
Mcu.Pin5=PE10
ProjectManager.ProjectBuild=false
RCC.HSE_VALUE=25000000
NVIC.UsageFault_IRQn=true\:0\:0\:false\:false\:true\:false\:false
NVIC.DebugMonitor_IRQn=true\:0\:0\:false\:false\:true\:false\:false
board=custom
RCC.VCOOutputFreq_Value=192000000
NVIC.SysTick_IRQn=true\:0\:0\:false\:false\:true\:false\:true
ProjectManager.LastFirmware=true
PD1.Mode=16b-d1
ProjectManager.FirmwarePackage=STM32Cube FW_F4 V1.26.2
MxDb.Version=DB.6.0.21
RCC.APB2Freq_Value=16000000
PA1.Mode=Asynchronous
PE14.Signal=FSMC_D11
PE13.Signal=FSMC_D10
PE15.Signal=FSMC_D12
ProjectManager.BackupPrevious=false
MxCube.Version=6.2.1
RCC.VCOInputFreq_Value=1000000
PE9.Signal=FSMC_D6
PE8.Signal=FSMC_D5
PD14.Mode=16b-d1
PE14.Mode=16b-d1
File.Version=6
VP_SYS_VS_Systick.Mode=SysTick
NVIC.NonMaskableInt_IRQn=true\:0\:0\:false\:false\:true\:false\:false
FSMC.BusTurnAroundDuration1=0
PE13.Mode=16b-d1
NVIC.PendSV_IRQn=true\:0\:0\:false\:false\:true\:false\:false
ProjectManager.FreePins=false
RCC.IPParameters=AHBFreq_Value,APB1Freq_Value,APB2Freq_Value,CortexFreq_Value,FamilyName,HSE_VALUE,HSI_VALUE,I2SClocksFreq_Value,LSE_VALUE,LSI_VALUE,PLLCLKFreq_Value,PLLQCLKFreq_Value,RTCFreq_Value,RTCHSEDivFreq_Value,SYSCLKFreq_VALUE,VCOI2SOutputFreq_Value,VCOInputFreq_Value,VCOOutputFreq_Value,VcooutputI2S
PE10.Signal=FSMC_D7
ProjectManager.AskForMigrate=true
Mcu.Name=STM32F407V(E-G)Tx
PD0.Mode=16b-d1
ProjectManager.HalAssertFull=false
PE12.Signal=FSMC_D9
RCC.RTCHSEDivFreq_Value=12500000
Mcu.Pin24=PB3
ProjectManager.ProjectName=display_new
ProjectManager.UnderRoot=true
Mcu.Pin25=VP_SYS_VS_Systick
PD7.GPIO_Label=LCD_CS
PD14.Signal=FSMC_D0
ProjectManager.CoupleFile=false
PD15.Mode=16b-d1
PB3.Signal=GPIO_Output
RCC.SYSCLKFreq_VALUE=16000000
PD13.GPIO_Label=LCD_DCX
PE7.Mode=16b-d1
Mcu.Package=LQFP100
Mcu.Pin22=PD5
Mcu.Pin23=PD7
Mcu.Pin20=PD1
Mcu.Pin21=PD4
FSMC.IPParameters=AddressSetupTime1,DataSetupTime1,BusTurnAroundDuration1,ExtendedMode1
NVIC.ForceEnableDMAVector=true
KeepUserPlacement=false
NVIC.MemoryManagement_IRQn=true\:0\:0\:false\:false\:true\:false\:false
ProjectManager.CompilerOptimize=6
ProjectManager.ToolChainLocation=
RCC.LSI_VALUE=32000
VP_SYS_VS_Systick.Signal=SYS_VS_Systick
PA11.Signal=GPIO_Input
ProjectManager.HeapSize=0x200
PE9.Mode=16b-d1
Mcu.Pin15=PD14
NVIC.HardFault_IRQn=true\:0\:0\:false\:false\:true\:false\:false
Mcu.Pin16=PD15
Mcu.Pin13=PD10
Mcu.Pin14=PD13
Mcu.Pin19=PD0
ProjectManager.ComputerToolchain=false
Mcu.Pin17=PA11
RCC.HSI_VALUE=16000000
Mcu.Pin18=PA12
NVIC.PriorityGroup=NVIC_PRIORITYGROUP_4
Mcu.Pin11=PD8
Mcu.Pin12=PD9
PD4.Mode=Lcd1
Mcu.Pin10=PE15
NVIC.BusFault_IRQn=true\:0\:0\:false\:false\:true\:false\:false
PE7.Signal=FSMC_D4
PA12.GPIO_PuPd=GPIO_PULLUP
RCC.APB1Freq_Value=16000000
PD15.Signal=FSMC_D1
ProjectManager.CustomerFirmwarePackage=
ProjectManager.DeviceId=STM32F407VGTx
PA12.GPIO_Speed=GPIO_SPEED_FREQ_VERY_HIGH
PD7.GPIOParameters=GPIO_Label
ProjectManager.LibraryCopy=1
PE15.Mode=16b-d1
PB3.Locked=true
PE12.Mode=16b-d1
isbadioc=false
